{
  "name": "ace-engine",
  "version": "0.1.3",
  "lockfileVersion": 3,
  "requires": true,
  "packages": {
    "": {
      "name": "ace-engine",
      "version": "0.1.3",
      "license": "MIT",
      "bin": {
        "ace": "bin/ace.js"
      },
      "engines": {
        "node": ">=18"
      }
    }
  }
}
